// !$*UTF8*$!
{
	archiveVersion = 1;
	classes = {
	};
	objectVersion = 55;
	objects = {

/* Begin PBXBuildFile section */
		DC7AA07A286A6C6C00B5DF7F /* AppDelegate.swift in Sources */ = {isa = PBXBuildFile; fileRef = DC7AA079286A6C6C00B5DF7F /* AppDelegate.swift */; };
		DC7AA07C286A6C6C00B5DF7F /* SceneDelegate.swift in Sources */ = {isa = PBXBuildFile; fileRef = DC7AA07B286A6C6C00B5DF7F /* SceneDelegate.swift */; };
		DC7AA07E286A6C6C00B5DF7F /* ViewController.swift in Sources */ = {isa = PBXBuildFile; fileRef = DC7AA07D286A6C6C00B5DF7F /* ViewController.swift */; };
		DC7AA081286A6C6C00B5DF7F /* Main.storyboard in Resources */ = {isa = PBXBuildFile; fileRef = DC7AA07F286A6C6C00B5DF7F /* Main.storyboard */; };
		DC7AA083286A6C6E00B5DF7F /* Assets.xcassets in Resources */ = {isa = PBXBuildFile; fileRef = DC7AA082286A6C6E00B5DF7F /* Assets.xcassets */; };
		DC7AA086286A6C6E00B5DF7F /* LaunchScreen.storyboard in Resources */ = {isa = PBXBuildFile; fileRef = DC7AA084286A6C6E00B5DF7F /* LaunchScreen.storyboard */; };
		DC7AA08E286A71A800B5DF7F /* DessertListVC.swift in Sources */ = {isa = PBXBuildFile; fileRef = DC7AA08D286A71A800B5DF7F /* DessertListVC.swift */; };
		DC7AA093286A93A700B5DF7F /* MealsModel.swift in Sources */ = {isa = PBXBuildFile; fileRef = DC7AA092286A93A700B5DF7F /* MealsModel.swift */; };
		DC7AA095286B7B0300B5DF7F /* MealInfoModel.swift in Sources */ = {isa = PBXBuildFile; fileRef = DC7AA094286B7B0300B5DF7F /* MealInfoModel.swift */; };
		DC7AA097286B7C4E00B5DF7F /* MealsManger.swift in Sources */ = {isa = PBXBuildFile; fileRef = DC7AA096286B7C4E00B5DF7F /* MealsManger.swift */; };
/* End PBXBuildFile section */

/* Begin PBXFileReference section */
		DC7AA076286A6C6C00B5DF7F /* Yummy Book.app */ = {isa = PBXFileReference; explicitFileType = wrapper.application; includeInIndex = 0; path = "Yummy Book.app"; sourceTree = BUILT_PRODUCTS_DIR; };
		DC7AA079286A6C6C00B5DF7F /* AppDelegate.swift */ = {isa = PBXFileReference; lastKnownFileType = sourcecode.swift; path = AppDelegate.swift; sourceTree = "<group>"; };
		DC7AA07B286A6C6C00B5DF7F /* SceneDelegate.swift */ = {isa = PBXFileReference; lastKnownFileType = sourcecode.swift; path = SceneDelegate.swift; sourceTree = "<group>"; };
		DC7AA07D286A6C6C00B5DF7F /* ViewController.swift */ = {isa = PBXFileReference; lastKnownFileType = sourcecode.swift; path = ViewController.swift; sourceTree = "<group>"; };
		DC7AA080286A6C6C00B5DF7F /* Base */ = {isa = PBXFileReference; lastKnownFileType = file.storyboard; name = Base; path = Base.lproj/Main.storyboard; sourceTree = "<group>"; };
		DC7AA082286A6C6E00B5DF7F /* Assets.xcassets */ = {isa = PBXFileReference; lastKnownFileType = folder.assetcatalog; path = Assets.xcassets; sourceTree = "<group>"; };
		DC7AA085286A6C6E00B5DF7F /* Base */ = {isa = PBXFileReference; lastKnownFileType = file.storyboard; name = Base; path = Base.lproj/LaunchScreen.storyboard; sourceTree = "<group>"; };
		DC7AA087286A6C6E00B5DF7F /* Info.plist */ = {isa = PBXFileReference; lastKnownFileType = text.plist.xml; path = Info.plist; sourceTree = "<group>"; };
		DC7AA08D286A71A800B5DF7F /* DessertListVC.swift */ = {isa = PBXFileReference; lastKnownFileType = sourcecode.swift; path = DessertListVC.swift; sourceTree = "<group>"; };
		DC7AA092286A93A700B5DF7F /* MealsModel.swift */ = {isa = PBXFileReference; lastKnownFileType = sourcecode.swift; path = MealsModel.swift; sourceTree = "<group>"; };
		DC7AA094286B7B0300B5DF7F /* MealInfoModel.swift */ = {isa = PBXFileReference; lastKnownFileType = sourcecode.swift; path = MealInfoModel.swift; sourceTree = "<group>"; };
		DC7AA096286B7C4E00B5DF7F /* MealsManger.swift */ = {isa = PBXFileReference; lastKnownFileType = sourcecode.swift; path = MealsManger.swift; sourceTree = "<group>"; };
/* End PBXFileReference section */

/* Begin PBXFrameworksBuildPhase section */
		DC7AA073286A6C6C00B5DF7F /* Frameworks */ = {
			isa = PBXFrameworksBuildPhase;
			buildActionMask = 2147483647;
			files = (
			);
			runOnlyForDeploymentPostprocessing = 0;
		};
/* End PBXFrameworksBuildPhase section */

/* Begin PBXGroup section */
		DC7AA06D286A6C6C00B5DF7F = {
			isa = PBXGroup;
			children = (
				DC7AA078286A6C6C00B5DF7F /* Yummy Book */,
				DC7AA077286A6C6C00B5DF7F /* Products */,
			);
			sourceTree = "<group>";
		};
		DC7AA077286A6C6C00B5DF7F /* Products */ = {
			isa = PBXGroup;
			children = (
				DC7AA076286A6C6C00B5DF7F /* Yummy Book.app */,
			);
			name = Products;
			sourceTree = "<group>";
		};
		DC7AA078286A6C6C00B5DF7F /* Yummy Book */ = {
			isa = PBXGroup;
			children = (
				DC7AA091286A934700B5DF7F /* Model */,
				DC7AA090286A933700B5DF7F /* View */,
				DC7AA08F286A930100B5DF7F /* Controller */,
				DC7AA079286A6C6C00B5DF7F /* AppDelegate.swift */,
				DC7AA07B286A6C6C00B5DF7F /* SceneDelegate.swift */,
				DC7AA07F286A6C6C00B5DF7F /* Main.storyboard */,
				DC7AA082286A6C6E00B5DF7F /* Assets.xcassets */,
				DC7AA084286A6C6E00B5DF7F /* LaunchScreen.storyboard */,
				DC7AA087286A6C6E00B5DF7F /* Info.plist */,
			);
			path = "Yummy Book";
			sourceTree = "<group>";
		};
		DC7AA08F286A930100B5DF7F /* Controller */ = {
			isa = PBXGroup;
			children = (
				DC7AA07D286A6C6C00B5DF7F /* ViewController.swift */,
				DC7AA08D286A71A800B5DF7F /* DessertListVC.swift */,
			);
			path = Controller;
			sourceTree = "<group>";
		};
		DC7AA090286A933700B5DF7F /* View */ = {
			isa = PBXGroup;
			children = (
			);
			path = View;
			sourceTree = "<group>";
		};
		DC7AA091286A934700B5DF7F /* Model */ = {
			isa = PBXGroup;
			children = (
				DC7AA092286A93A700B5DF7F /* MealsModel.swift */,
				DC7AA094286B7B0300B5DF7F /* MealInfoModel.swift */,
				DC7AA096286B7C4E00B5DF7F /* MealsManger.swift */,
			);
			path = Model;
			sourceTree = "<group>";
		};
/* End PBXGroup section */

/* Begin PBXNativeTarget section */
		DC7AA075286A6C6C00B5DF7F /* Yummy Book */ = {
			isa = PBXNativeTarget;
			buildConfigurationList = DC7AA08A286A6C6E00B5DF7F /* Build configuration list for PBXNativeTarget "Yummy Book" */;
			buildPhases = (
				DC7AA072286A6C6C00B5DF7F /* Sources */,
				DC7AA073286A6C6C00B5DF7F /* Frameworks */,
				DC7AA074286A6C6C00B5DF7F /* Resources */,
			);
			buildRules = (
			);
			dependencies = (
			);
			name = "Yummy Book";
			productName = "Yummy Book";
			productReference = DC7AA076286A6C6C00B5DF7F /* Yummy Book.app */;
			productType = "com.apple.product-type.application";
		};
/* End PBXNativeTarget section */

/* Begin PBXProject section */
		DC7AA06E286A6C6C00B5DF7F /* Project object */ = {
			isa = PBXProject;
			attributes = {
				BuildIndependentTargetsInParallel = 1;
				LastSwiftUpdateCheck = 1340;
				LastUpgradeCheck = 1340;
				TargetAttributes = {
					DC7AA075286A6C6C00B5DF7F = {
						CreatedOnToolsVersion = 13.4.1;
					};
				};
			};
			buildConfigurationList = DC7AA071286A6C6C00B5DF7F /* Build configuration list for PBXProject "Yummy Book" */;
			compatibilityVersion = "Xcode 13.0";
			developmentRegion = en;
			hasScannedForEncodings = 0;
			knownRegions = (
				en,
				Base,
			);
			mainGroup = DC7AA06D286A6C6C00B5DF7F;
			productRefGroup = DC7AA077286A6C6C00B5DF7F /* Products */;
			projectDirPath = "";
			projectRoot = "";
			targets = (
				DC7AA075286A6C6C00B5DF7F /* Yummy Book */,
			);
		};
/* End PBXProject section */

/* Begin PBXResourcesBuildPhase section */
		DC7AA074286A6C6C00B5DF7F /* Resources */ = {
			isa = PBXResourcesBuildPhase;
			buildActionMask = 2147483647;
			files = (
				DC7AA086286A6C6E00B5DF7F /* LaunchScreen.storyboard in Resources */,
				DC7AA083286A6C6E00B5DF7F /* Assets.xcassets in Resources */,
				DC7AA081286A6C6C00B5DF7F /* Main.storyboard in Resources */,
			);
			runOnlyForDeploymentPostprocessing = 0;
		};
/* End PBXResourcesBuildPhase section */

/* Begin PBXSourcesBuildPhase section */
		DC7AA072286A6C6C00B5DF7F /* Sources */ = {
			isa = PBXSourcesBuildPhase;
			buildActionMask = 2147483647;
			files = (
				DC7AA07E286A6C6C00B5DF7F /* ViewController.swift in Sources */,
				DC7AA093286A93A700B5DF7F /* MealsModel.swift in Sources */,
				DC7AA097286B7C4E00B5DF7F /* MealsManger.swift in Sources */,
				DC7AA08E286A71A800B5DF7F /* DessertListVC.swift in Sources */,
				DC7AA07A286A6C6C00B5DF7F /* AppDelegate.swift in Sources */,
				DC7AA095286B7B0300B5DF7F /* MealInfoModel.swift in Sources */,
				DC7AA07C286A6C6C00B5DF7F /* SceneDelegate.swift in Sources */,
			);
			runOnlyForDeploymentPostprocessing = 0;
		};
/* End PBXSourcesBuildPhase section */

/* Begin PBXVariantGroup section */
		DC7AA07F286A6C6C00B5DF7F /* Main.storyboard */ = {
			isa = PBXVariantGroup;
			children = (
				DC7AA080286A6C6C00B5DF7F /* Base */,
			);
			name = Main.storyboard;
			sourceTree = "<group>";
		};
		DC7AA084286A6C6E00B5DF7F /* LaunchScreen.storyboard */ = {
			isa = PBXVariantGroup;
			children = (
				DC7AA085286A6C6E00B5DF7F /* Base */,
			);
			name = LaunchScreen.storyboard;
			sourceTree = "<group>";
		};
/* End PBXVariantGroup section */

/* Begin XCBuildConfiguration section */
		DC7AA088286A6C6E00B5DF7F /* Debug */ = {
			isa = XCBuildConfiguration;
			buildSettings = {
				ALWAYS_SEARCH_USER_PATHS = NO;
				CLANG_ANALYZER_NONNULL = YES;
				CLANG_ANALYZER_NUMBER_OBJECT_CONVERSION = YES_AGGRESSIVE;
				CLANG_CXX_LANGUAGE_STANDARD = "gnu++17";
				CLANG_ENABLE_MODULES = YES;
				CLANG_ENABLE_OBJC_ARC = YES;
				CLANG_ENABLE_OBJC_WEAK = YES;
				CLANG_WARN_BLOCK_CAPTURE_AUTORELEASING = YES;
				CLANG_WARN_BOOL_CONVERSION = YES;
				CLANG_WARN_COMMA = YES;
				CLANG_WARN_CONSTANT_CONVERSION = YES;
				CLANG_WARN_DEPRECATED_OBJC_IMPLEMENTATIONS = YES;
				CLANG_WARN_DIRECT_OBJC_ISA_USAGE = YES_ERROR;
				CLANG_WARN_DOCUMENTATION_COMMENTS = YES;
				CLANG_WARN_EMPTY_BODY = YES;
				CLANG_WARN_ENUM_CONVERSION = YES;
				CLANG_WARN_INFINITE_RECURSION = YES;
				CLANG_WARN_INT_CONVERSION = YES;
				CLANG_WARN_NON_LITERAL_NULL_CONVERSION = YES;
				CLANG_WARN_OBJC_IMPLICIT_RETAIN_SELF = YES;
				CLANG_WARN_OBJC_LITERAL_CONVERSION = YES;
				CLANG_WARN_OBJC_ROOT_CLASS = YES_ERROR;
				CLANG_WARN_QUOTED_INCLUDE_IN_FRAMEWORK_HEADER = YES;
				CLANG_WARN_RANGE_LOOP_ANALYSIS = YES;
				CLANG_WARN_STRICT_PROTOTYPES = YES;
				CLANG_WARN_SUSPICIOUS_MOVE = YES;
				CLANG_WARN_UNGUARDED_AVAILABILITY = YES_AGGRESSIVE;
				CLANG_WARN_UNREACHABLE_CODE = YES;
				CLANG_WARN__DUPLICATE_METHOD_MATCH = YES;
				COPY_PHASE_STRIP = NO;
				DEBUG_INFORMATION_FORMAT = dwarf;
				ENABLE_STRICT_OBJC_MSGSEND = YES;
				ENABLE_TESTABILITY = YES;
				GCC_C_LANGUAGE_STANDARD = gnu11;
				GCC_DYNAMIC_NO_PIC = NO;
				GCC_NO_COMMON_BLOCKS = YES;
				GCC_OPTIMIZATION_LEVEL = 0;
				GCC_PREPROCESSOR_DEFINITIONS = (
					"DEBUG=1",
					"$(inherited)",
				);
				GCC_WARN_64_TO_32_BIT_CONVERSION = YES;
				GCC_WARN_ABOUT_RETURN_TYPE = YES_ERROR;
				GCC_WARN_UNDECLARED_SELECTOR = YES;
				GCC_WARN_UNINITIALIZED_AUTOS = YES_AGGRESSIVE;
				GCC_WARN_UNUSED_FUNCTION = YES;
				GCC_WARN_UNUSED_VARIABLE = YES;
				IPHONEOS_DEPLOYMENT_TARGET = 15.5;
				MTL_ENABLE_DEBUG_INFO = INCLUDE_SOURCE;
				MTL_FAST_MATH = YES;
				ONLY_ACTIVE_ARCH = YES;
				SDKROOT = iphoneos;
				SWIFT_ACTIVE_COMPILATION_CONDITIONS = DEBUG;
				SWIFT_OPTIMIZATION_LEVEL = "-Onone";
			};
			name = Debug;
		};
		DC7AA089286A6C6E00B5DF7F /* Release */ = {
			isa = XCBuildConfiguration;
			buildSettings = {
				ALWAYS_SEARCH_USER_PATHS = NO;
				CLANG_ANALYZER_NONNULL = YES;
				CLANG_ANALYZER_NUMBER_OBJECT_CONVERSION = YES_AGGRESSIVE;
				CLANG_CXX_LANGUAGE_STANDARD = "gnu++17";
				CLANG_ENABLE_MODULES = YES;
				CLANG_ENABLE_OBJC_ARC = YES;
				CLANG_ENABLE_OBJC_WEAK = YES;
				CLANG_WARN_BLOCK_CAPTURE_AUTORELEASING = YES;
				CLANG_WARN_BOOL_CONVERSION = YES;
				CLANG_WARN_COMMA = YES;
				CLANG_WARN_CONSTANT_CONVERSION = YES;
				CLANG_WARN_DEPRECATED_OBJC_IMPLEMENTATIONS = YES;
				CLANG_WARN_DIRECT_OBJC_ISA_USAGE = YES_ERROR;
				CLANG_WARN_DOCUMENTATION_COMMENTS = YES;
				CLANG_WARN_EMPTY_BODY = YES;
				CLANG_WARN_ENUM_CONVERSION = YES;
				CLANG_WARN_INFINITE_RECURSION = YES;
				CLANG_WARN_INT_CONVERSION = YES;
				CLANG_WARN_NON_LITERAL_NULL_CONVERSION = YES;
				CLANG_WARN_OBJC_IMPLICIT_RETAIN_SELF = YES;
				CLANG_WARN_OBJC_LITERAL_CONVERSION = YES;
				CLANG_WARN_OBJC_ROOT_CLASS = YES_ERROR;
				CLANG_WARN_QUOTED_INCLUDE_IN_FRAMEWORK_HEADER = YES;
				CLANG_WARN_RANGE_LOOP_ANALYSIS = YES;
				CLANG_WARN_STRICT_PROTOTYPES = YES;
				CLANG_WARN_SUSPICIOUS_MOVE = YES;
				CLANG_WARN_UNGUARDED_AVAILABILITY = YES_AGGRESSIVE;
				CLANG_WARN_UNREACHABLE_CODE = YES;
				CLANG_WARN__DUPLICATE_METHOD_MATCH = YES;
				COPY_PHASE_STRIP = NO;
				DEBUG_INFORMATION_FORMAT = "dwarf-with-dsym";
				ENABLE_NS_ASSERTIONS = NO;
				ENABLE_STRICT_OBJC_MSGSEND = YES;
				GCC_C_LANGUAGE_STANDARD = gnu11;
				GCC_NO_COMMON_BLOCKS = YES;
				GCC_WARN_64_TO_32_BIT_CONVERSION = YES;
				GCC_WARN_ABOUT_RETURN_TYPE = YES_ERROR;
				GCC_WARN_UNDECLARED_SELECTOR = YES;
				GCC_WARN_UNINITIALIZED_AUTOS = YES_AGGRESSIVE;
				GCC_WARN_UNUSED_FUNCTION = YES;
				GCC_WARN_UNUSED_VARIABLE = YES;
				IPHONEOS_DEPLOYMENT_TARGET = 15.5;
				MTL_ENABLE_DEBUG_INFO = NO;
				MTL_FAST_MATH = YES;
				SDKROOT = iphoneos;
				SWIFT_COMPILATION_MODE = wholemodule;
				SWIFT_OPTIMIZATION_LEVEL = "-O";
				VALIDATE_PRODUCT = YES;
			};
			name = Release;
		};
		DC7AA08B286A6C6E00B5DF7F /* Debug */ = {
			isa = XCBuildConfiguration;
			buildSettings = {
				ASSETCATALOG_COMPILER_APPICON_NAME = AppIcon;
				ASSETCATALOG_COMPILER_GLOBAL_ACCENT_COLOR_NAME = AccentColor;
				CODE_SIGN_STYLE = Automatic;
				CURRENT_PROJECT_VERSION = 1;
				DEVELOPMENT_TEAM = 5DR849RUWN;
				GENERATE_INFOPLIST_FILE = YES;
				INFOPLIST_FILE = "Yummy Book/Info.plist";
				INFOPLIST_KEY_UIApplicationSupportsIndirectInputEvents = YES;
				INFOPLIST_KEY_UILaunchStoryboardName = LaunchScreen;
				INFOPLIST_KEY_UIMainStoryboardFile = Main;
				INFOPLIST_KEY_UISupportedInterfaceOrientations = UIInterfaceOrientationPortrait;
				INFOPLIST_KEY_UISupportedInterfaceOrientations_iPad = "UIInterfaceOrientationPortrait UIInterfaceOrientationPortraitUpsideDown UIInterfaceOrientationLandscapeLeft UIInterfaceOrientationLandscapeRight";
				INFOPLIST_KEY_UISupportedInterfaceOrientations_iPhone = "UIInterfaceOrientationPortrait UIInterfaceOrientationLandscapeLeft UIInterfaceOrientationLandscapeRight";
				LD_RUNPATH_SEARCH_PATHS = (
					"$(inherited)",
					"@executable_path/Frameworks",
				);
				MARKETING_VERSION = 1.0;
				PRODUCT_BUNDLE_IDENTIFIER = "com.RickyMemije.Yummy-Book";
				PRODUCT_NAME = "$(TARGET_NAME)";
				SWIFT_EMIT_LOC_STRINGS = YES;
				SWIFT_VERSION = 5.0;
				TARGETED_DEVICE_FAMILY = 1;
			};
			name = Debug;
		};
		DC7AA08C286A6C6E00B5DF7F /* Release */ = {
			isa = XCBuildConfiguration;
			buildSettings = {
				ASSETCATALOG_COMPILER_APPICON_NAME = AppIcon;
				ASSETCATALOG_COMPILER_GLOBAL_ACCENT_COLOR_NAME = AccentColor;
				CODE_SIGN_STYLE = Automatic;
				CURRENT_PROJECT_VERSION = 1;
				DEVELOPMENT_TEAM = 5DR849RUWN;
				GENERATE_INFOPLIST_FILE = YES;
				INFOPLIST_FILE = "Yummy Book/Info.plist";
				INFOPLIST_KEY_UIApplicationSupportsIndirectInputEvents = YES;
				INFOPLIST_KEY_UILaunchStoryboardName = LaunchScreen;
				INFOPLIST_KEY_UIMainStoryboardFile = Main;
				INFOPLIST_KEY_UISupportedInterfaceOrientations = UIInterfaceOrientationPortrait;
				INFOPLIST_KEY_UISupportedInterfaceOrientations_iPad = "UIInterfaceOrientationPortrait UIInterfaceOrientationPortraitUpsideDown UIInterfaceOrientationLandscapeLeft UIInterfaceOrientationLandscapeRight";
				INFOPLIST_KEY_UISupportedInterfaceOrientations_iPhone = "UIInterfaceOrientationPortrait UIInterfaceOrientationLandscapeLeft UIInterfaceOrientationLandscapeRight";
				LD_RUNPATH_SEARCH_PATHS = (
					"$(inherited)",
					"@executable_path/Frameworks",
				);
				MARKETING_VERSION = 1.0;
				PRODUCT_BUNDLE_IDENTIFIER = "com.RickyMemije.Yummy-Book";
				PRODUCT_NAME = "$(TARGET_NAME)";
				SWIFT_EMIT_LOC_STRINGS = YES;
				SWIFT_VERSION = 5.0;
				TARGETED_DEVICE_FAMILY = 1;
			};
			name = Release;
		};
/* End XCBuildConfiguration section */

/* Begin XCConfigurationList section */
		DC7AA071286A6C6C00B5DF7F /* Build configuration list for PBXProject "Yummy Book" */ = {
			isa = XCConfigurationList;
			buildConfigurations = (
				DC7AA088286A6C6E00B5DF7F /* Debug */,
				DC7AA089286A6C6E00B5DF7F /* Release */,
			);
			defaultConfigurationIsVisible = 0;
			defaultConfigurationName = Release;
		};
		DC7AA08A286A6C6E00B5DF7F /* Build configuration list for PBXNativeTarget "Yummy Book" */ = {
			isa = XCConfigurationList;
			buildConfigurations = (
				DC7AA08B286A6C6E00B5DF7F /* Debug */,
				DC7AA08C286A6C6E00B5DF7F /* Release */,
			);
			defaultConfigurationIsVisible = 0;
			defaultConfigurationName = Release;
		};
/* End XCConfigurationList section */
	};
	rootObject = DC7AA06E286A6C6C00B5DF7F /* Project object */;
}
